{
  "lockfileVersion": 1,
  "configVersion": 0,
  "workspaces": {
    "": {
      "dependencies": {
        "@openai/codex": "^0.98.0",
        "codex": "^0.2.3",
        "oh-my-agent": "^5.6.1",
        "playwright": "^1.58.2",
        "pyright": "^1.1.408",
      },
    },
  },
  "packages": {
    "@clack/core": ["@clack/core@1.2.0", "", { "dependencies": { "fast-wrap-ansi": "^0.1.3", "sisteransi": "^1.0.5" } }, "sha512-qfxof/3T3t9DPU/Rj3OmcFyZInceqj/NVtO9rwIuJqCUgh32gwPjpFQQp/ben07qKlhpwq7GzfWpST4qdJ5Drg=="],

    "@clack/prompts": ["@clack/prompts@1.2.0", "", { "dependencies": { "@clack/core": "1.2.0", "fast-string-width": "^1.1.0", "fast-wrap-ansi": "^0.1.3", "sisteransi": "^1.0.5" } }, "sha512-4jmztR9fMqPMjz6H/UZXj0zEmE43ha1euENwkckKKel4XpSfokExPo5AiVStdHSAlHekz4d0CA/r45Ok1E4D3w=="],

    "@date-fns/tz": ["@date-fns/tz@1.4.1", "", {}, "sha512-P5LUNhtbj6YfI3iJjw5EL9eUAG6OitD0W3fWQcpQjDRc/QIsL0tRNuO1PcDvPccWL1fSTXXdE1ds+l95DV/OFA=="],

    "@openai/codex": ["@openai/codex@0.98.0", "", { "bin": { "codex": "bin/codex.js" } }, "sha512-CKjrhAmzTvWn7Vbsi27iZRKBAJw9a7ZTTkWQDbLgQZP1weGbDIBk1r6wiLEp1ZmDO7w0fHPLYgnVspiOrYgcxg=="],

    "asynckit": ["asynckit@0.4.0", "", {}, "sha512-Oei9OH4tRh0YqU3GxhX79dM/mwVgvbZJaSNaRk+bshkj0S5cfHcgYakreBjrHwatXKbz+IoIdYLxrKim2MjW0Q=="],

    "axios": ["axios@1.15.0", "", { "dependencies": { "follow-redirects": "^1.15.11", "form-data": "^4.0.5", "proxy-from-env": "^2.1.0" } }, "sha512-wWyJDlAatxk30ZJer+GeCWS209sA42X+N5jU2jy6oHTp7ufw8uzUTVFBX9+wTfAlhiJXGS0Bq7X6efruWjuK9Q=="],

    "base64-js": ["base64-js@1.5.1", "", {}, "sha512-AKpaYlHn8t4SVbOHCy+b5+KKgvR4vrsD8vbvrbiQJps7fKDTkjkDry6ji0rUJjC0kzbNePLwzxq8iypo41qeWA=="],

    "better-sqlite3": ["better-sqlite3@12.9.0", "", { "dependencies": { "bindings": "^1.5.0", "prebuild-install": "^7.1.1" } }, "sha512-wqUv4Gm3toFpHDQmaKD4QhZm3g1DjUBI0yzS4UBl6lElUmXFYdTQmmEDpAFa5o8FiFiymURypEnfVHzILKaxqQ=="],

    "bindings": ["bindings@1.5.0", "", { "dependencies": { "file-uri-to-path": "1.0.0" } }, "sha512-p2q/t/mhvuOj/UeLlV6566GD/guowlr0hHxClI0W9m7MWYkL1F0hLo+0Aexs9HSPCtR1SXQ0TD3MMKrXZajbiQ=="],

    "bl": ["bl@4.1.0", "", { "dependencies": { "buffer": "^5.5.0", "inherits": "^2.0.4", "readable-stream": "^3.4.0" } }, "sha512-1W07cM9gS6DcLperZfFSj+bWLtaPGSOHWhPiGzXmvVJbRLdG82sH/Kn8EtW1VqWVA54AKf2h5k5BbnIbwF3h6w=="],

    "buffer": ["buffer@5.7.1", "", { "dependencies": { "base64-js": "^1.3.1", "ieee754": "^1.1.13" } }, "sha512-EHcyIPBQ4BSGlvjB16k5KgAJ27CIsHY/2JBmCRReo48y9rQ3MaUzWX3KVlBa4U7MyX02HdVj0K7C3WaB3ju7FQ=="],

    "call-bind-apply-helpers": ["call-bind-apply-helpers@1.0.2", "", { "dependencies": { "es-errors": "^1.3.0", "function-bind": "^1.1.2" } }, "sha512-Sp1ablJ0ivDkSzjcaJdxEunN5/XvksFJ2sMBFfq6x0ryhQV/2b/KwFe21cMpmHtPOSij8K99/wSfoEuTObmuMQ=="],

    "call-bound": ["call-bound@1.0.4", "", { "dependencies": { "call-bind-apply-helpers": "^1.0.2", "get-intrinsic": "^1.3.0" } }, "sha512-+ys997U96po4Kx/ABpBCqhA9EuxJaQWDQg7295H4hBphv3IZg0boBKuwYpt4YXp6MZ5AmZQnU/tyMTlRpaSejg=="],

    "chokidar": ["chokidar@5.0.0", "", { "dependencies": { "readdirp": "^5.0.0" } }, "sha512-TQMmc3w+5AxjpL8iIiwebF73dRDF4fBIieAqGn9RGCWaEVwQ6Fb2cGe31Yns0RRIzii5goJ1Y7xbMwo1TxMplw=="],

    "chownr": ["chownr@1.1.4", "", {}, "sha512-jJ0bqzaylmJtVnNgzTeSOs8DPavpbYgEr/b0YL8/2GO3xJEhInFmhKMUnEJQjZumK7KXGFhUy89PrsJWlakBVg=="],

    "codex": ["codex@0.2.3", "", { "dependencies": { "connect": "1.8.x", "dox": "0.3.x", "drip": "0.2.x", "fez": "0.0.x", "highlight.js": "1.2.x", "jade": "0.26.x", "marked": "0.2.x", "ncp": "0.2.x", "nib": "0.4.x", "oath": "0.2.x", "optimist": "0.3.x", "rimraf": "2.0.x", "stylus": "0.26.x", "tea": "0.0.x", "yaml": "0.2.x" }, "bin": "bin/codex" }, "sha512-+MQbh3UIJRZFawxQUgPAEXKyL9o06fy8JmrgW4EnMeMlj8kh3Jljh4+CcOdH9yt82FTkmEwUR2qOrOev3ZoJJA=="],

    "combined-stream": ["combined-stream@1.0.8", "", { "dependencies": { "delayed-stream": "~1.0.0" } }, "sha512-FQN4MRfuJeHf7cBbBMJFXhKSDq+2kAArBlmRBvcvFE5BB1HZKXtSFASDhdlz9zOYwxh8lDdnvmMOe/+5cdoEdg=="],

    "commander": ["commander@14.0.3", "", {}, "sha512-H+y0Jo/T1RZ9qPP4Eh1pkcQcLRglraJaSLoyOtHxu6AapkjWVCy2Sit1QQ4x3Dng8qDlSsZEet7g5Pq06MvTgw=="],

    "connect": ["connect@1.8.7", "", { "dependencies": { "formidable": "1.0.x", "mime": ">= 0.0.1", "qs": ">= 0.4.0" } }, "sha512-j72iQ8i6td2YLZD37ADpGOa4C5skHNrJSGQkJh/t+DCoE6nm8NbHslFTs17q44EJsiVrry+W13yrxd46M32jbA=="],

    "cssom": ["cssom@0.2.5", "", {}, "sha512-b9ecqKEfWrNcyzx5+1nmcfi80fPp8dVM8rlAh7fFK14PZbNjp++gRjyZTZfLJQa/Lw0qeCJho7WBIl0nw0v6HA=="],

    "date-fns": ["date-fns@4.1.0", "", {}, "sha512-Ukq0owbQXxa/U3EGtsdVBkR1w7KOQ5gIBqdH2hkvknzZPYvBxb/aa6E8L7tmjFtkwZBu3UXBbjIgPo/Ez4xaNg=="],

    "debug": ["debug@4.4.3", "", { "dependencies": { "ms": "^2.1.3" } }, "sha512-RGwwWnwQvkVfavKVt22FGLw+xYSdzARwm0ru6DhTVA3umU5hZc28V3kO4stgYryrTlLpuvgI9GiijltAjNbcqA=="],

    "decompress-response": ["decompress-response@6.0.0", "", { "dependencies": { "mimic-response": "^3.1.0" } }, "sha512-aW35yZM6Bb/4oJlZncMH2LCoZtJXTRxES17vE3hoRiowU2kWHaJKFkSBDnDR+cm9J+9QhXmREyIfv0pji9ejCQ=="],

    "deep-extend": ["deep-extend@0.6.0", "", {}, "sha512-LOHxIOaPYdHlJRtCQfDIVZtfw/ufM8+rVj649RIHzcm/vGwQRXFt6OPqIFWsm2XEMrNIEtWR64sY1LEKD2vAOA=="],

    "delayed-stream": ["delayed-stream@1.0.0", "", {}, "sha512-ZySD7Nf91aLB0RxL4KGrKHBXl7Eds1DAmEdcoVawXnLD7SDhpNgtuII2aAkg7a7QS41jxPSZ17p4VdGnMHk3MQ=="],

    "detect-libc": ["detect-libc@2.1.2", "", {}, "sha512-Btj2BOOO83o3WyH59e8MgXsxEQVcarkUOpEYrubB0urwnN10yQ364rsiByU11nZlqWYZm05i/of7io4mzihBtQ=="],

    "dox": ["dox@0.3.3", "", { "dependencies": { "commander": "0.6.1", "github-flavored-markdown": ">= 0.0.1" }, "bin": "bin/dox" }, "sha512-5bSKbTcpFm+0wPRnxMkJhY5dFoWWxsTQdTLFg2d1HyLl0voy9GoBVVOKM+yPSdTdKCXrHqwEwUcdS7s4BTst7w=="],

    "drip": ["drip@0.2.4", "", {}, "sha512-/qhB7CjfmfZYHue9SwicWNqsSp1DNzkHTCVsud92Tb43qKTiIAXBHIdCJYUn93r7MScM++H+nimkWPmvNTg/Qw=="],

    "dunder-proto": ["dunder-proto@1.0.1", "", { "dependencies": { "call-bind-apply-helpers": "^1.0.1", "es-errors": "^1.3.0", "gopd": "^1.2.0" } }, "sha512-KIN/nDJBQRcXw0MLVhZE9iQHmG68qAVIBg9CqmUYjmQIhgij9U5MFvrqkUL5FbtyyzZuOeOt0zdeRe4UY7ct+A=="],

    "end-of-stream": ["end-of-stream@1.4.5", "", { "dependencies": { "once": "^1.4.0" } }, "sha512-ooEGc6HP26xXq/N+GCGOT0JKCLDGrq2bQUZrQ7gyrJiZANJ/8YDTxTpQBXGMn+WbIQXNVpyWymm7KYVICQnyOg=="],

    "es-define-property": ["es-define-property@1.0.1", "", {}, "sha512-e3nRfgfUZ4rNGL232gUgX06QNyyez04KdjFrF+LTRoOXmrOgFKDg4BCdsjW8EnT69eqdYGmRpJwiPVYNrCaW3g=="],

    "es-errors": ["es-errors@1.3.0", "", {}, "sha512-Zf5H2Kxt2xjTvbJvP2ZWLEICxA6j+hAmMzIlypy4xcBg1vKVnx89Wy0GbS+kf5cwCVFFzdCFh2XSCFNULS6csw=="],

    "es-object-atoms": ["es-object-atoms@1.1.1", "", { "dependencies": { "es-errors": "^1.3.0" } }, "sha512-FGgH2h8zKNim9ljj7dankFPcICIK9Cp5bm+c2gQSYePhpaG5+esrLODihIorn+Pe6FGJzWhXQotPv73jTaldXA=="],

    "es-set-tostringtag": ["es-set-tostringtag@2.1.0", "", { "dependencies": { "es-errors": "^1.3.0", "get-intrinsic": "^1.2.6", "has-tostringtag": "^1.0.2", "hasown": "^2.0.2" } }, "sha512-j6vWzfrGVfyXxge+O0x5sh6cvxAog0a/4Rdd2K36zCMV5eJ+/+tOAngRO8cODMNWbVRdVlmGZQL2YS3yR8bIUA=="],

    "expand-template": ["expand-template@2.0.3", "", {}, "sha512-XYfuKMvj4O35f/pOXLObndIRvyQ+/+6AhODh+OKWj9S9498pHHn/IMszH+gt0fBCRWMNfk1ZSp5x3AifmnI2vg=="],

    "fast-string-truncated-width": ["fast-string-truncated-width@1.2.1", "", {}, "sha512-Q9acT/+Uu3GwGj+5w/zsGuQjh9O1TyywhIwAxHudtWrgF09nHOPrvTLhQevPbttcxjr/SNN7mJmfOw/B1bXgow=="],

    "fast-string-width": ["fast-string-width@1.1.0", "", { "dependencies": { "fast-string-truncated-width": "^1.2.0" } }, "sha512-O3fwIVIH5gKB38QNbdg+3760ZmGz0SZMgvwJbA1b2TGXceKE6A2cOlfogh1iw8lr049zPyd7YADHy+B7U4W9bQ=="],

    "fast-wrap-ansi": ["fast-wrap-ansi@0.1.6", "", { "dependencies": { "fast-string-width": "^1.1.0" } }, "sha512-HlUwET7a5gqjURj70D5jl7aC3Zmy4weA1SHUfM0JFI0Ptq987NH2TwbBFLoERhfwk+E+eaq4EK3jXoT+R3yp3w=="],

    "fez": ["fez@0.0.3", "", {}, "sha512-W+igVHjiRB4ai7h25ay/7OYNwI8IihdABOnRIS3Bcm4UxEWKoenCB6m68HLSq41TxZwbnqzFAqlz/CjKB3rTvg=="],

    "file-uri-to-path": ["file-uri-to-path@1.0.0", "", {}, "sha512-0Zt+s3L7Vf1biwWZ29aARiVYLx7iMGnEUl9x33fbB/j3jR81u/O2LbqK+Bm1CDSNDKVtJ/YjwY7TUd5SkeLQLw=="],

    "follow-redirects": ["follow-redirects@1.16.0", "", {}, "sha512-y5rN/uOsadFT/JfYwhxRS5R7Qce+g3zG97+JrtFZlC9klX/W5hD7iiLzScI4nZqUS7DNUdhPgw4xI8W2LuXlUw=="],

    "form-data": ["form-data@4.0.5", "", { "dependencies": { "asynckit": "^0.4.0", "combined-stream": "^1.0.8", "es-set-tostringtag": "^2.1.0", "hasown": "^2.0.2", "mime-types": "^2.1.12" } }, "sha512-8RipRLol37bNs2bhoV67fiTEvdTrbMUYcFTiy3+wuuOnUog2QBHCZWXDRijWQfAkhBj2Uf5UnVaiWwA5vdd82w=="],

    "formidable": ["formidable@1.0.17", "", {}, "sha512-95MFT5qipMvUiesmuvGP1BI4hh5XWCzyTapiNJ/k8JBQda7rPy7UCWYItz2uZEdTgGNy1eInjzlL9Wx1O9fedg=="],

    "fs-constants": ["fs-constants@1.0.0", "", {}, "sha512-y6OAwoSIf7FyjMIv94u+b5rdheZEjzR63GTyZJm5qh4Bi+2YgwLCcI/fPFZkL5PSixOt6ZNKm+w+Hfp/Bciwow=="],

    "fsevents": ["fsevents@2.3.2", "", { "os": "darwin" }, "sha512-xiqMQR4xAeHTuB9uWm+fFRcIOgKBMiOBP+eXiyT7jsgVCq1bkVygt00oASowB7EdtpOHaaPgKt812P9ab+DDKA=="],

    "function-bind": ["function-bind@1.1.2", "", {}, "sha512-7XHNxH7qX9xG5mIwxkhumTox/MIRNcOgDrxWsMt2pAr23WHp6MrRlN7FBSFpCpr+oVO0F744iUgR82nJMfG2SA=="],

    "get-intrinsic": ["get-intrinsic@1.3.0", "", { "dependencies": { "call-bind-apply-helpers": "^1.0.2", "es-define-property": "^1.0.1", "es-errors": "^1.3.0", "es-object-atoms": "^1.1.1", "function-bind": "^1.1.2", "get-proto": "^1.0.1", "gopd": "^1.2.0", "has-symbols": "^1.1.0", "hasown": "^2.0.2", "math-intrinsics": "^1.1.0" } }, "sha512-9fSjSaos/fRIVIp+xSJlE6lfwhES7LNtKaCBIamHsjr2na1BiABJPo0mOjjz8GJDURarmCPGqaiVg5mfjb98CQ=="],

    "get-proto": ["get-proto@1.0.1", "", { "dependencies": { "dunder-proto": "^1.0.1", "es-object-atoms": "^1.0.0" } }, "sha512-sTSfBjoXBp89JvIKIefqw7U2CCebsc74kiY6awiGogKtoSGbgjYE/G/+l9sF3MWFPNc9IcoOC4ODfKHfxFmp0g=="],

    "github-flavored-markdown": ["github-flavored-markdown@1.0.1", "", {}, "sha512-qkpFaYzQ+JbZw7iuZCpvjqas5E8ZNq/xuTtBtdPkAlowX8VXBmkZE2DCgNGCTW5KZsCvqX5lSef/2yrWMTztBQ=="],

    "github-from-package": ["github-from-package@0.0.0", "", {}, "sha512-SyHy3T1v2NUXn29OsWdxmK6RwHD+vkj3v8en8AOBZ1wBQ/hCAQ5bAQTD02kW4W9tUp/3Qh6J8r9EvntiyCmOOw=="],

    "gopd": ["gopd@1.2.0", "", {}, "sha512-ZUKRh6/kUFoAiTAtTYPZJ3hw9wNxx+BIBOijnlG9PnrJsCcSjs1wyyD6vJpaYtgnzDrKYRSqf3OO6Rfa93xsRg=="],

    "graceful-fs": ["graceful-fs@1.1.14", "", {}, "sha512-JUrvoFoQbLZpOZilKTXZX2e1EV0DTnuG5vsRFNFv4mPf/mnYbwNAFw/5x0rxeyaJslIdObGSgTTsMnM/acRaVw=="],

    "has-symbols": ["has-symbols@1.1.0", "", {}, "sha512-1cDNdwJ2Jaohmb3sg4OmKaMBwuC48sYni5HUw2DvsC8LjGTLK9h+eb1X6RyuOHe4hT0ULCW68iomhjUoKUqlPQ=="],

    "has-tostringtag": ["has-tostringtag@1.0.2", "", { "dependencies": { "has-symbols": "^1.0.3" } }, "sha512-NqADB8VjPFLM2V0VvHUewwwsw0ZWBaIdgo+ieHtK3hasLz4qeCRjYcqfB6AQrBggRKppKF8L52/VqdVsO47Dlw=="],

    "hasown": ["hasown@2.0.2", "", { "dependencies": { "function-bind": "^1.1.2" } }, "sha512-0hJU9SCPvmMzIBdZFqNPXWa6dqh7WdH0cII9y+CyS8rG3nL48Bclra9HmKhVVUHyPWNH5Y7xDwAB7bfgSjkUMQ=="],

    "highlight.js": ["highlight.js@1.2.0", "", { "dependencies": { "commander": "*" }, "bin": { "hljs": "bin/hljs" } }, "sha512-k19Rm9OuIGiZvD+0G2Lao6kPr01XMEbEK67/n+GqOMTgxc7HhgzfLzX71Q9j5Qu+bkzYXbPFHums8tl0dzV4Uw=="],

    "ieee754": ["ieee754@1.2.1", "", {}, "sha512-dcyqhDvX1C46lXZcVqCpK+FtMRQVdIMN6/Df5js2zouUsqG7I6sFxitIC+7KYK29KdXOLHdu9zL4sFnoVQnqaA=="],

    "inherits": ["inherits@2.0.4", "", {}, "sha512-k/vGaX4/Yla3WzyMCvTQOXYeIHvqOKtnqBduzTHpzpQZzAskKMhZ2K+EnBiSM9zGSoIFeMpXKxa4dYeZIQqewQ=="],

    "ini": ["ini@1.3.8", "", {}, "sha512-JV/yugV2uzW5iMRSiZAyDtQd+nxtUnjeLt0acNdw98kKLrvuRVyB80tsREOE7yvGVgalhZ6RNXCmEHkUKBKxew=="],

    "jade": ["jade@0.26.3", "", { "dependencies": { "commander": "0.6.1", "mkdirp": "0.3.0" }, "bin": "bin/jade" }, "sha512-mkk3vzUHFjzKjpCXeu+IjXeZD+QOTjUUdubgmHtHTDwvAO2ZTkMTTVrapts5CWz3JvJryh/4KWZpjeZrCepZ3A=="],

    "marked": ["marked@0.2.10", "", { "bin": "bin/marked" }, "sha512-LyFB4QvdBaJFfEIn33plrxtBuRjeHoDE2QJdP58i2EWMUTpa6GK6MnjJh3muCvVibFJompyr6IxecK2fjp4RDw=="],

    "math-intrinsics": ["math-intrinsics@1.1.0", "", {}, "sha512-/IXtbwEk5HTPyEwyKX6hGkYXxM9nbj64B+ilVJnC/R6B0pH5G4V3b0pVbL7DBj4tkhBAppbQUlf6F6Xl9LHu1g=="],

    "mime": ["mime@4.1.0", "", { "bin": "bin/cli.js" }, "sha512-X5ju04+cAzsojXKes0B/S4tcYtFAJ6tTMuSPBEn9CPGlrWr8Fiw7qYeLT0XyH80HSoAoqWCaz+MWKh22P7G1cw=="],

    "mime-db": ["mime-db@1.52.0", "", {}, "sha512-sPU4uV7dYlvtWJxwwxHD0PuihVNiE7TyAbQ5SWxDCB9mUYvOgroQOwYQQOKPJ8CIbE+1ETVlOoK1UC2nU3gYvg=="],

    "mime-types": ["mime-types@2.1.35", "", { "dependencies": { "mime-db": "1.52.0" } }, "sha512-ZDY+bPm5zTTF+YpCrAU9nK0UgICYPT0QtT1NZWFv4s++TNkcgVaT0g6+4R2uI4MjQjzysHB1zxuWL50hzaeXiw=="],

    "mimic-response": ["mimic-response@3.1.0", "", {}, "sha512-z0yWI+4FDrrweS8Zmt4Ej5HdJmky15+L2e6Wgn3+iK5fWzb6T3fhNFq2+MeTRb064c6Wr4N/wv0DzQTjNzHNGQ=="],

    "minimist": ["minimist@1.2.8", "", {}, "sha512-2yyAR8qBkN3YuheJanUpWC5U3bb5osDywNB8RzDVlDwDHbocAJveqqj1u8+SVD7jkWT4yvsHCpWqqWqAxb0zCA=="],

    "mkdirp": ["mkdirp@0.3.0", "", {}, "sha512-OHsdUcVAQ6pOtg5JYWpCBo9W/GySVuwvP9hueRMW7UqshC0tbfzLv8wjySTPm3tfUZ/21CE9E1pJagOA91Pxew=="],

    "mkdirp-classic": ["mkdirp-classic@0.5.3", "", {}, "sha512-gKLcREMhtuZRwRAfqP3RFW+TK4JqApVBtOIftVgjuABpAtpxhPGaDcfvbhNvD0B8iD1oUr/txX35NjcaY6Ns/A=="],

    "ms": ["ms@2.1.3", "", {}, "sha512-6FlzubTLZG3J2a/NVCAleEhjzq5oxgHyaCU9yYXvcLsvoVaHJq/s5xXI6/XXP6tz7R9xAOtHnSO/tXtF3WRTlA=="],

    "nan": ["nan@1.0.0", "", {}, "sha512-Wm2/nFOm2y9HtJfgOLnctGbfvF23FcQZeyUZqDD8JQG3zO5kXh3MkQKiUaA68mJiVWrOzLFkAV1u6bC8P52DJA=="],

    "napi-build-utils": ["napi-build-utils@2.0.0", "", {}, "sha512-GEbrYkbfF7MoNaoh2iGG84Mnf/WZfB0GdGEsM8wz7Expx/LlWf5U8t9nvJKXSp3qr5IsEbK04cBGhol/KwOsWA=="],

    "ncp": ["ncp@0.2.7", "", { "bin": "bin/ncp" }, "sha512-wPUepcV37u3Mw+ktjrUbl3azxwAkcD9RrVLQGlpSapWcEQM5jL0g8zwKo6ukOjVQAAEjqpRdLeojOalqqySpCg=="],

    "nib": ["nib@0.4.1", "", {}, "sha512-q8n5RAcLLpA5YewcH9UplGzPTu4XbC6t9hVPB1RsnvKD5aYWT+V+2NHGH/dgw/6YDjgETEa7hY54kVhvn1i5DQ=="],

    "node-abi": ["node-abi@3.89.0", "", { "dependencies": { "semver": "^7.3.5" } }, "sha512-6u9UwL0HlAl21+agMN3YAMXcKByMqwGx+pq+P76vii5f7hTPtKDp08/H9py6DY+cfDw7kQNTGEj/rly3IgbNQA=="],

    "oath": ["oath@0.2.3", "", {}, "sha512-/uTqn2KKy671SunNXhULGbumn2U3ZN84LvYZdnfSqqqBkM6cppm+jcUodWELd9CYVNYGh6QwJEEAQ0WM95qjpA=="],

    "object-inspect": ["object-inspect@1.13.4", "", {}, "sha512-W67iLl4J2EXEGTbfeHCffrjDfitvLANg0UlX3wFUUSTx92KXRFegMHUVgSqE+wvhAbi4WqjGg9czysTV2Epbew=="],

    "oh-my-agent": ["oh-my-agent@5.6.1", "", { "dependencies": { "@clack/prompts": "^1.1.0", "@date-fns/tz": "^1.4.1", "axios": "^1.15.0", "better-sqlite3": "^12.9.0", "chokidar": "^5.0.0", "commander": "^14.0.3", "date-fns": "^4.1.0", "p-map": "^7.0.4", "picocolors": "^1.1.1", "ws": "^8.18.0", "yaml": "^2.8.2", "zod": "^4.3.6" }, "bin": { "oh-my-agent": "bin/cli.js", "oma": "bin/cli.js" } }, "sha512-XAH7Qhykf6g4bHqbeJmhCCW7E4OEb2XtQkwqN6VnTKxPXauOE89cjGD8tw+axSflvdjObZmQiTOcuNZKMUSbVA=="],

    "once": ["once@1.4.0", "", { "dependencies": { "wrappy": "1" } }, "sha512-lNaJgI+2Q5URQBkccEKHTQOPaXdUxnZZElQTZY0MFUAuaEqe1E+Nyvgdz/aIyNi6Z9MzO5dv1H8n58/GELp3+w=="],

    "optimist": ["optimist@0.3.7", "", { "dependencies": { "wordwrap": "~0.0.2" } }, "sha512-TCx0dXQzVtSCg2OgY/bO9hjM9cV4XYx09TVK+s3+FhkjT6LovsLe+pPMzpWf+6yXK/hUizs2gUoTw3jHM0VaTQ=="],

    "options": ["options@0.0.6", "", {}, "sha512-bOj3L1ypm++N+n7CEbbe473A414AB7z+amKYshRb//iuL3MpdDCLhPnw6aVTdKB9g5ZRVHIEp8eUln6L2NUStg=="],

    "orchid": ["orchid@0.0.3", "", { "dependencies": { "drip": "0.2.x", "oath": "0.2.x", "ws": "0.4.x" } }, "sha512-jkbcOxPnbo9M0WZbvjvTKLY+2lhxyWnoJXKESHodJAD00bsqOe5YPrJZ2rjgBKJ4YIgmbKSMlsjNIZ8NNhXbOA=="],

    "p-map": ["p-map@7.0.4", "", {}, "sha512-tkAQEw8ysMzmkhgw8k+1U/iPhWNhykKnSk4Rd5zLoPJCuJaGRPo6YposrZgaxHKzDHdDWWZvE/Sk7hsL2X/CpQ=="],

    "picocolors": ["picocolors@1.1.1", "", {}, "sha512-xceH2snhtb5M9liqDsmEw56le376mTZkEX/jEb/RxNFyegNul7eNslCXP9FDj/Lcu0X8KEyMceP2ntpaHrDEVA=="],

    "playwright": ["playwright@1.59.1", "", { "dependencies": { "playwright-core": "1.59.1" }, "optionalDependencies": { "fsevents": "2.3.2" }, "bin": { "playwright": "cli.js" } }, "sha512-C8oWjPR3F81yljW9o5OxcWzfh6avkVwDD2VYdwIGqTkl+OGFISgypqzfu7dOe4QNLL2aqcWBmI3PMtLIK233lw=="],

    "playwright-core": ["playwright-core@1.59.1", "", { "bin": { "playwright-core": "cli.js" } }, "sha512-HBV/RJg81z5BiiZ9yPzIiClYV/QMsDCKUyogwH9p3MCP6IYjUFu/MActgYAvK0oWyV9NlwM3GLBjADyWgydVyg=="],

    "prebuild-install": ["prebuild-install@7.1.3", "", { "dependencies": { "detect-libc": "^2.0.0", "expand-template": "^2.0.3", "github-from-package": "0.0.0", "minimist": "^1.2.3", "mkdirp-classic": "^0.5.3", "napi-build-utils": "^2.0.0", "node-abi": "^3.3.0", "pump": "^3.0.0", "rc": "^1.2.7", "simple-get": "^4.0.0", "tar-fs": "^2.0.0", "tunnel-agent": "^0.6.0" }, "bin": { "prebuild-install": "bin.js" } }, "sha512-8Mf2cbV7x1cXPUILADGI3wuhfqWvtiLA1iclTDbFRZkgRQS0NqsPZphna9V+HyTEadheuPmjaJMsbzKQFOzLug=="],

    "proxy-from-env": ["proxy-from-env@2.1.0", "", {}, "sha512-cJ+oHTW1VAEa8cJslgmUZrc+sjRKgAKl3Zyse6+PV38hZe/V6Z14TbCuXcan9F9ghlz4QrFr2c92TNF82UkYHA=="],

    "pump": ["pump@3.0.4", "", { "dependencies": { "end-of-stream": "^1.1.0", "once": "^1.3.1" } }, "sha512-VS7sjc6KR7e1ukRFhQSY5LM2uBWAUPiOPa/A3mkKmiMwSmRFUITt0xuj+/lesgnCv+dPIEYlkzrcyXgquIHMcA=="],

    "pyright": ["pyright@1.1.408", "", { "optionalDependencies": { "fsevents": "~2.3.3" }, "bin": { "pyright": "index.js", "pyright-langserver": "langserver.index.js" } }, "sha512-N61pxaLLCsPcUuPPHMNIrGoZgGBgrbjBX5UqkaT5UV8NVZdL7ExsO6N3ectv1DzAUsLOzdlyqoYtX76u8eF4YA=="],

    "qs": ["qs@6.14.0", "", { "dependencies": { "side-channel": "^1.1.0" } }, "sha512-YWWTjgABSKcvs/nWBi9PycY/JiPJqOD4JA6o9Sej2AtvSGarXxKC3OQSk4pAarbdQlKAh5D4FCQkJNkW+GAn3w=="],

    "rc": ["rc@1.2.8", "", { "dependencies": { "deep-extend": "^0.6.0", "ini": "~1.3.0", "minimist": "^1.2.0", "strip-json-comments": "~2.0.1" }, "bin": { "rc": "./cli.js" } }, "sha512-y3bGgqKj3QBdxLbLkomlohkvsA8gdAiUQlSBJnBhfn+BPxg4bc62d8TcBW15wavDfgexCgccckhcZvywyQYPOw=="],

    "readable-stream": ["readable-stream@3.6.2", "", { "dependencies": { "inherits": "^2.0.3", "string_decoder": "^1.1.1", "util-deprecate": "^1.0.1" } }, "sha512-9u/sniCrY3D5WdsERHzHE4G2YCXqoG5FTHUiCC4SIbr6XcLZBY05ya9EKjYek9O5xOAwjGq+1JdGBAS7Q9ScoA=="],

    "readdirp": ["readdirp@5.0.0", "", {}, "sha512-9u/XQ1pvrQtYyMpZe7DXKv2p5CNvyVwzUB6uhLAnQwHMSgKMBR62lc7AHljaeteeHXn11XTAaLLUVZYVZyuRBQ=="],

    "rimraf": ["rimraf@2.0.3", "", { "optionalDependencies": { "graceful-fs": "~1.1" } }, "sha512-uR09PSoW2+1hW0hquRqxb+Ae2h6R5ls3OAy2oNekQFtqbSJkltkhKRa+OhZKoxWsN9195Gp1vg7sELDRoJ8a3w=="],

    "safe-buffer": ["safe-buffer@5.2.1", "", {}, "sha512-rp3So07KcdmmKbGvgaNxQSJr7bGVSVk5S9Eq1F+ppbRo70+YeaDxkw5Dd8NPN+GD6bjnYm2VuPuCXmpuYvmCXQ=="],

    "semver": ["semver@7.7.4", "", { "bin": { "semver": "bin/semver.js" } }, "sha512-vFKC2IEtQnVhpT78h1Yp8wzwrf8CM+MzKMHGJZfBtzhZNycRFnXsHk6E5TxIkkMsgNS7mdX3AGB7x2QM2di4lA=="],

    "side-channel": ["side-channel@1.1.0", "", { "dependencies": { "es-errors": "^1.3.0", "object-inspect": "^1.13.3", "side-channel-list": "^1.0.0", "side-channel-map": "^1.0.1", "side-channel-weakmap": "^1.0.2" } }, "sha512-ZX99e6tRweoUXqR+VBrslhda51Nh5MTQwou5tnUDgbtyM0dBgmhEDtWGP/xbKn6hqfPRHujUNwz5fy/wbbhnpw=="],

    "side-channel-list": ["side-channel-list@1.0.0", "", { "dependencies": { "es-errors": "^1.3.0", "object-inspect": "^1.13.3" } }, "sha512-FCLHtRD/gnpCiCHEiJLOwdmFP+wzCmDEkc9y7NsYxeF4u7Btsn1ZuwgwJGxImImHicJArLP4R0yX4c2KCrMrTA=="],

    "side-channel-map": ["side-channel-map@1.0.1", "", { "dependencies": { "call-bound": "^1.0.2", "es-errors": "^1.3.0", "get-intrinsic": "^1.2.5", "object-inspect": "^1.13.3" } }, "sha512-VCjCNfgMsby3tTdo02nbjtM/ewra6jPHmpThenkTYh8pG9ucZ/1P8So4u4FGBek/BjpOVsDCMoLA/iuBKIFXRA=="],

    "side-channel-weakmap": ["side-channel-weakmap@1.0.2", "", { "dependencies": { "call-bound": "^1.0.2", "es-errors": "^1.3.0", "get-intrinsic": "^1.2.5", "object-inspect": "^1.13.3", "side-channel-map": "^1.0.1" } }, "sha512-WPS/HvHQTYnHisLo9McqBHOJk2FkHO/tlpvldyrnem4aeQp4hai3gythswg6p01oSoTl58rcpiFAjF2br2Ak2A=="],

    "simple-concat": ["simple-concat@1.0.1", "", {}, "sha512-cSFtAPtRhljv69IK0hTVZQ+OfE9nePi/rtJmw5UjHeVyVroEqJXP1sFztKUy1qU+xvz3u/sfYJLa947b7nAN2Q=="],

    "simple-get": ["simple-get@4.0.1", "", { "dependencies": { "decompress-response": "^6.0.0", "once": "^1.3.1", "simple-concat": "^1.0.0" } }, "sha512-brv7p5WgH0jmQJr1ZDDfKDOSeWWg+OVypG99A/5vYGPqJ6pxiaHLy8nxtFjBA7oMa01ebA9gfh1uMCFqOuXxvA=="],

    "sisteransi": ["sisteransi@1.0.5", "", {}, "sha512-bLGGlR1QxBcynn2d5YmDX4MGjlZvy2MRBDRNHLJ8VI6l6+9FUiyTFNJ0IveOSP0bcXgVDPRcfGqA0pjaqUpfVg=="],

    "string_decoder": ["string_decoder@1.3.0", "", { "dependencies": { "safe-buffer": "~5.2.0" } }, "sha512-hkRX8U1WjJFd8LsDJ2yQ/wWWxaopEsABU1XfkM8A+j0+85JAGppt16cr1Whg6KIbb4okU6Mql6BOj+uup/wKeA=="],

    "strip-json-comments": ["strip-json-comments@2.0.1", "", {}, "sha512-4gB8na07fecVVkOI6Rs4e7T6NOTki5EmL7TUduTs6bu3EdnSycntVJ4re8kgZA+wx9IueI2Y11bfbgwtzuE0KQ=="],

    "stylus": ["stylus@0.26.1", "", { "dependencies": { "cssom": "0.2.x", "debug": "*", "mkdirp": "0.3.x" }, "bin": "bin/stylus" }, "sha512-33J3iBM2Ueh/wDFzkQXmjHSDxNRWQ7J2I2dqiInAKkGR4j+3hkojRRSbv3ITodxJBIodVfv0l10CHZhJoi0Ubw=="],

    "tar-fs": ["tar-fs@2.1.4", "", { "dependencies": { "chownr": "^1.1.1", "mkdirp-classic": "^0.5.2", "pump": "^3.0.0", "tar-stream": "^2.1.4" } }, "sha512-mDAjwmZdh7LTT6pNleZ05Yt65HC3E+NiQzl672vQG38jIrehtJk/J3mNwIg+vShQPcLF/LV7CMnDW6vjj6sfYQ=="],

    "tar-stream": ["tar-stream@2.2.0", "", { "dependencies": { "bl": "^4.0.3", "end-of-stream": "^1.4.1", "fs-constants": "^1.0.0", "inherits": "^2.0.3", "readable-stream": "^3.1.1" } }, "sha512-ujeqbceABgwMZxEJnk2HDY2DlnUZ+9oEcb1KzTVfYHio0UE6dG71n60d8D2I4qNvleWrrXpmjpt7vZeF1LnMZQ=="],

    "tea": ["tea@0.0.13", "", { "dependencies": { "drip": "0.2.x", "oath": "0.2.x", "orchid": "0.0.x" } }, "sha512-wpVkMmrK83yrwjnBYtN/GKzA0ixt1k68lq4g0s0H38fZTPHeApnToCVzpQgDEToNoBbviHQaOhXcMldHnM+XwQ=="],

    "tinycolor": ["tinycolor@0.0.1", "", {}, "sha512-+CorETse1kl98xg0WAzii8DTT4ABF4R3nquhrkIbVGcw1T8JYs5Gfx9xEfGINPUZGDj9C4BmOtuKeaTtuuRolg=="],

    "tunnel-agent": ["tunnel-agent@0.6.0", "", { "dependencies": { "safe-buffer": "^5.0.1" } }, "sha512-McnNiV1l8RYeY8tBgEpuodCC1mLUdbSN+CYBL7kJsJNInOP8UjDDEwdk6Mw60vdLLrr5NHKZhMAOSrR2NZuQ+w=="],

    "util-deprecate": ["util-deprecate@1.0.2", "", {}, "sha512-EPD5q1uXyFxJpCrLnCc1nHnq3gOa6DZBocAIiI2TaSCA7VCJ1UJDMagCzIkXNsUYfD1daK//LTEQ8xiIbrHtcw=="],

    "wordwrap": ["wordwrap@0.0.3", "", {}, "sha512-1tMA907+V4QmxV7dbRvb4/8MaRALK6q9Abid3ndMYnbyo8piisCmeONVqVSXqQA3KaP4SLt5b7ud6E2sqP8TFw=="],

    "wrappy": ["wrappy@1.0.2", "", {}, "sha512-l4Sp/DRseor9wL6EvV2+TuQn63dMkPjZ/sp9XkghTEbV9KlPS1xUsZ3u7/IQO4wxtcFB4bgpQPRcR3QCvezPcQ=="],

    "ws": ["ws@8.20.0", "", { "peerDependencies": { "bufferutil": "^4.0.1", "utf-8-validate": ">=5.0.2" }, "optionalPeers": ["bufferutil", "utf-8-validate"] }, "sha512-sAt8BhgNbzCtgGbt2OxmpuryO63ZoDk/sqaB/znQm94T4fCEsy/yV+7CdC1kJhOU9lboAEU7R3kquuycDoibVA=="],

    "yaml": ["yaml@0.2.3", "", {}, "sha512-LzdhmhritYCRww8GLH95Sk5A2c18ddRQMeooOUnqWkDUnBbmVfqgg2fXH2MxAHYHCVTHDK1EEbmgItQ8kOpM0Q=="],

    "zod": ["zod@4.3.6", "", {}, "sha512-rftlrkhHZOcjDwkGlnUtZZkvaPHCsDATp4pGpuOOMDaTdDDXF91wuVDJoWoPsKX/3YPQ5fHuF3STjcYyKr+Qhg=="],

    "dox/commander": ["commander@0.6.1", "", {}, "sha512-0fLycpl1UMTGX257hRsu/arL/cUbcvQM4zMKwvLvzXtfdezIV4yotPS2dYtknF+NmEfWSoCEF6+hj9XLm/6hEw=="],

    "highlight.js/commander": ["commander@0.6.1", "", {}, "sha512-0fLycpl1UMTGX257hRsu/arL/cUbcvQM4zMKwvLvzXtfdezIV4yotPS2dYtknF+NmEfWSoCEF6+hj9XLm/6hEw=="],

    "jade/commander": ["commander@0.6.1", "", {}, "sha512-0fLycpl1UMTGX257hRsu/arL/cUbcvQM4zMKwvLvzXtfdezIV4yotPS2dYtknF+NmEfWSoCEF6+hj9XLm/6hEw=="],

    "oh-my-agent/yaml": ["yaml@2.8.3", "", { "bin": { "yaml": "bin.mjs" } }, "sha512-AvbaCLOO2Otw/lW5bmh9d/WEdcDFdQp2Z2ZUH3pX9U2ihyUY0nvLv7J6TrWowklRGPYbB/IuIMfYgxaCPg5Bpg=="],

    "orchid/ws": ["ws@0.4.32", "", { "dependencies": { "commander": "~2.1.0", "nan": "~1.0.0", "options": ">=0.0.5", "tinycolor": "0.x" }, "bin": { "wscat": "bin/wscat" } }, "sha512-htqsS0U9Z9lb3ITjidQkRvkLdVhQePrMeu475yEfOWkAYvJ6dSjQp1tOH6ugaddzX5b7sQjMPNtY71eTzrV/kA=="],

    "pyright/fsevents": ["fsevents@2.3.3", "", { "os": "darwin" }, "sha512-5xoDfX+fL7faATnagmWPpbFtwh/R77WmMMqqHGS65C3vvB0YHrgF+B1YmZ3441tMj5n63k0212XNoJwzlhffQw=="],

    "orchid/ws/commander": ["commander@2.1.0", "", {}, "sha512-J2wnb6TKniXNOtoHS8TSrG9IOQluPrsmyAJ8oCUJOBmv+uLBCyPYAZkD2jFvw2DCzIXNnISIM01NIvr35TkBMQ=="],
  }
}
